// !$*UTF8*$!
{
	archiveVersion = 1;
	classes = {
	};
	objectVersion = 46;
	objects = {

/* Begin PBXBuildFile section */
		3E013B25F9B431B8D5CDACEF /* Pods_Pokedex.framework in Frameworks */ = {isa = PBXBuildFile; fileRef = 565DC76046E8F33268D139D4 /* Pods_Pokedex.framework */; };
		E10BD3311F16FAE2006AC46A /* csv.swift in Sources */ = {isa = PBXBuildFile; fileRef = E10BD3301F16FAE2006AC46A /* csv.swift */; };
		E10D669C1F15F38600B9A68D /* PokeCell.swift in Sources */ = {isa = PBXBuildFile; fileRef = E10D669B1F15F38600B9A68D /* PokeCell.swift */; };
		E10E1E9A1F2050F900D506A8 /* Constants.swift in Sources */ = {isa = PBXBuildFile; fileRef = E10E1E991F2050F900D506A8 /* Constants.swift */; };
		E112D27B1F1C7534006FE2C6 /* Pokemon Hollow.ttf in Resources */ = {isa = PBXBuildFile; fileRef = E112D27A1F1C7534006FE2C6 /* Pokemon Hollow.ttf */; };
		E112D27D1F1C758C006FE2C6 /* Pokemon Solid.ttf in Resources */ = {isa = PBXBuildFile; fileRef = E112D27C1F1C758C006FE2C6 /* Pokemon Solid.ttf */; };
		E112D2821F1C78C6006FE2C6 /* music.png in Resources */ = {isa = PBXBuildFile; fileRef = E112D2811F1C78C6006FE2C6 /* music.png */; };
		E112D2841F1C78D2006FE2C6 /* music.mp3 in Resources */ = {isa = PBXBuildFile; fileRef = E112D2831F1C78D2006FE2C6 /* music.mp3 */; };
		E1212A6F1F1DA19E00FCB453 /* PokemonDetailVC.swift in Sources */ = {isa = PBXBuildFile; fileRef = E1212A6E1F1DA19E00FCB453 /* PokemonDetailVC.swift */; };
		E1260D5D1F1232770002007E /* AppDelegate.swift in Sources */ = {isa = PBXBuildFile; fileRef = E1260D5C1F1232770002007E /* AppDelegate.swift */; };
		E1260D5F1F1232770002007E /* ViewController.swift in Sources */ = {isa = PBXBuildFile; fileRef = E1260D5E1F1232770002007E /* ViewController.swift */; };
		E1260D621F1232770002007E /* Main.storyboard in Resources */ = {isa = PBXBuildFile; fileRef = E1260D601F1232770002007E /* Main.storyboard */; };
		E1260D641F1232770002007E /* Assets.xcassets in Resources */ = {isa = PBXBuildFile; fileRef = E1260D631F1232770002007E /* Assets.xcassets */; };
		E1260D671F1232770002007E /* LaunchScreen.storyboard in Resources */ = {isa = PBXBuildFile; fileRef = E1260D651F1232770002007E /* LaunchScreen.storyboard */; };
		E1260D6F1F1234CC0002007E /* pokemon.csv in Resources */ = {isa = PBXBuildFile; fileRef = E1260D6E1F1234CC0002007E /* pokemon.csv */; };
		E1D9A0441F1236400008D47F /* Pokemon.swift in Sources */ = {isa = PBXBuildFile; fileRef = E1D9A0431F1236400008D47F /* Pokemon.swift */; };
/* End PBXBuildFile section */

/* Begin PBXFileReference section */
		565DC76046E8F33268D139D4 /* Pods_Pokedex.framework */ = {isa = PBXFileReference; explicitFileType = wrapper.framework; includeInIndex = 0; path = Pods_Pokedex.framework; sourceTree = BUILT_PRODUCTS_DIR; };
		86D31CA4887B846BF70BAB0F /* Pods-Pokedex.release.xcconfig */ = {isa = PBXFileReference; includeInIndex = 1; lastKnownFileType = text.xcconfig; name = "Pods-Pokedex.release.xcconfig"; path = "Pods/Target Support Files/Pods-Pokedex/Pods-Pokedex.release.xcconfig"; sourceTree = "<group>"; };
		97415156757DA3502DD9CE96 /* Pods-Pokedex.debug.xcconfig */ = {isa = PBXFileReference; includeInIndex = 1; lastKnownFileType = text.xcconfig; name = "Pods-Pokedex.debug.xcconfig"; path = "Pods/Target Support Files/Pods-Pokedex/Pods-Pokedex.debug.xcconfig"; sourceTree = "<group>"; };
		E10BD3301F16FAE2006AC46A /* csv.swift */ = {isa = PBXFileReference; fileEncoding = 4; lastKnownFileType = sourcecode.swift; path = csv.swift; sourceTree = "<group>"; };
		E10D669B1F15F38600B9A68D /* PokeCell.swift */ = {isa = PBXFileReference; fileEncoding = 4; lastKnownFileType = sourcecode.swift; path = PokeCell.swift; sourceTree = "<group>"; };
		E10E1E991F2050F900D506A8 /* Constants.swift */ = {isa = PBXFileReference; fileEncoding = 4; lastKnownFileType = sourcecode.swift; path = Constants.swift; sourceTree = "<group>"; };
		E112D27A1F1C7534006FE2C6 /* Pokemon Hollow.ttf */ = {isa = PBXFileReference; lastKnownFileType = file; path = "Pokemon Hollow.ttf"; sourceTree = "<group>"; };
		E112D27C1F1C758C006FE2C6 /* Pokemon Solid.ttf */ = {isa = PBXFileReference; lastKnownFileType = file; path = "Pokemon Solid.ttf"; sourceTree = "<group>"; };
		E112D2811F1C78C6006FE2C6 /* music.png */ = {isa = PBXFileReference; lastKnownFileType = image.png; path = music.png; sourceTree = "<group>"; };
		E112D2831F1C78D2006FE2C6 /* music.mp3 */ = {isa = PBXFileReference; lastKnownFileType = audio.mp3; path = music.mp3; sourceTree = "<group>"; };
		E1212A6E1F1DA19E00FCB453 /* PokemonDetailVC.swift */ = {isa = PBXFileReference; fileEncoding = 4; lastKnownFileType = sourcecode.swift; path = PokemonDetailVC.swift; sourceTree = "<group>"; };
		E1260D591F1232770002007E /* Pokedex.app */ = {isa = PBXFileReference; explicitFileType = wrapper.application; includeInIndex = 0; path = Pokedex.app; sourceTree = BUILT_PRODUCTS_DIR; };
		E1260D5C1F1232770002007E /* AppDelegate.swift */ = {isa = PBXFileReference; lastKnownFileType = sourcecode.swift; path = AppDelegate.swift; sourceTree = "<group>"; };
		E1260D5E1F1232770002007E /* ViewController.swift */ = {isa = PBXFileReference; lastKnownFileType = sourcecode.swift; path = ViewController.swift; sourceTree = "<group>"; };
		E1260D611F1232770002007E /* Base */ = {isa = PBXFileReference; lastKnownFileType = file.storyboard; name = Base; path = Base.lproj/Main.storyboard; sourceTree = "<group>"; };
		E1260D631F1232770002007E /* Assets.xcassets */ = {isa = PBXFileReference; lastKnownFileType = folder.assetcatalog; path = Assets.xcassets; sourceTree = "<group>"; };
		E1260D661F1232770002007E /* Base */ = {isa = PBXFileReference; lastKnownFileType = file.storyboard; name = Base; path = Base.lproj/LaunchScreen.storyboard; sourceTree = "<group>"; };
		E1260D681F1232770002007E /* Info.plist */ = {isa = PBXFileReference; lastKnownFileType = text.plist.xml; path = Info.plist; sourceTree = "<group>"; };
		E1260D6E1F1234CC0002007E /* pokemon.csv */ = {isa = PBXFileReference; fileEncoding = 4; lastKnownFileType = text; path = pokemon.csv; sourceTree = "<group>"; };
		E1D9A0431F1236400008D47F /* Pokemon.swift */ = {isa = PBXFileReference; fileEncoding = 4; lastKnownFileType = sourcecode.swift; path = Pokemon.swift; sourceTree = "<group>"; };
/* End PBXFileReference section */

/* Begin PBXFrameworksBuildPhase section */
		E1260D561F1232770002007E /* Frameworks */ = {
			isa = PBXFrameworksBuildPhase;
			buildActionMask = 2147483647;
			files = (
				3E013B25F9B431B8D5CDACEF /* Pods_Pokedex.framework in Frameworks */,
			);
			runOnlyForDeploymentPostprocessing = 0;
		};
/* End PBXFrameworksBuildPhase section */

/* Begin PBXGroup section */
		98A501A6FF9AF325B81C26A9 /* Frameworks */ = {
			isa = PBXGroup;
			children = (
				565DC76046E8F33268D139D4 /* Pods_Pokedex.framework */,
			);
			name = Frameworks;
			sourceTree = "<group>";
		};
		98A732313B3B21044EFF7C93 /* Pods */ = {
			isa = PBXGroup;
			children = (
				97415156757DA3502DD9CE96 /* Pods-Pokedex.debug.xcconfig */,
				86D31CA4887B846BF70BAB0F /* Pods-Pokedex.release.xcconfig */,
			);
			name = Pods;
			sourceTree = "<group>";
		};
		E10D669A1F15F34300B9A68D /* View */ = {
			isa = PBXGroup;
			children = (
				E10D669B1F15F38600B9A68D /* PokeCell.swift */,
			);
			name = View;
			sourceTree = "<group>";
		};
		E112D27E1F1C7605006FE2C6 /* Controller */ = {
			isa = PBXGroup;
			children = (
				E1260D5E1F1232770002007E /* ViewController.swift */,
				E1212A6E1F1DA19E00FCB453 /* PokemonDetailVC.swift */,
			);
			name = Controller;
			sourceTree = "<group>";
		};
		E112D27F1F1C7614006FE2C6 /* Resources */ = {
			isa = PBXGroup;
			children = (
				E112D2831F1C78D2006FE2C6 /* music.mp3 */,
				E112D2811F1C78C6006FE2C6 /* music.png */,
				E1260D6E1F1234CC0002007E /* pokemon.csv */,
				E112D27C1F1C758C006FE2C6 /* Pokemon Solid.ttf */,
				E112D27A1F1C7534006FE2C6 /* Pokemon Hollow.ttf */,
			);
			name = Resources;
			sourceTree = "<group>";
		};
		E112D2801F1C7669006FE2C6 /* Util */ = {
			isa = PBXGroup;
			children = (
				E10BD3301F16FAE2006AC46A /* csv.swift */,
				E10E1E991F2050F900D506A8 /* Constants.swift */,
			);
			name = Util;
			sourceTree = "<group>";
		};
		E1260D501F1232770002007E = {
			isa = PBXGroup;
			children = (
				E1260D5B1F1232770002007E /* Pokedex */,
				E1260D5A1F1232770002007E /* Products */,
				98A732313B3B21044EFF7C93 /* Pods */,
				98A501A6FF9AF325B81C26A9 /* Frameworks */,
			);
			sourceTree = "<group>";
		};
		E1260D5A1F1232770002007E /* Products */ = {
			isa = PBXGroup;
			children = (
				E1260D591F1232770002007E /* Pokedex.app */,
			);
			name = Products;
			sourceTree = "<group>";
		};
		E1260D5B1F1232770002007E /* Pokedex */ = {
			isa = PBXGroup;
			children = (
				E1D9A0421F1236260008D47F /* Model */,
				E10D669A1F15F34300B9A68D /* View */,
				E112D27E1F1C7605006FE2C6 /* Controller */,
				E112D27F1F1C7614006FE2C6 /* Resources */,
				E112D2801F1C7669006FE2C6 /* Util */,
				E1260D5C1F1232770002007E /* AppDelegate.swift */,
				E1260D601F1232770002007E /* Main.storyboard */,
				E1260D631F1232770002007E /* Assets.xcassets */,
				E1260D651F1232770002007E /* LaunchScreen.storyboard */,
				E1260D681F1232770002007E /* Info.plist */,
			);
			path = Pokedex;
			sourceTree = "<group>";
		};
		E1D9A0421F1236260008D47F /* Model */ = {
			isa = PBXGroup;
			children = (
				E1D9A0431F1236400008D47F /* Pokemon.swift */,
			);
			name = Model;
			sourceTree = "<group>";
		};
/* End PBXGroup section */

/* Begin PBXNativeTarget section */
		E1260D581F1232770002007E /* Pokedex */ = {
			isa = PBXNativeTarget;
			buildConfigurationList = E1260D6B1F1232770002007E /* Build configuration list for PBXNativeTarget "Pokedex" */;
			buildPhases = (
				1270F9D4408F5BEEEB814371 /* [CP] Check Pods Manifest.lock */,
				E1260D551F1232770002007E /* Sources */,
				E1260D561F1232770002007E /* Frameworks */,
				E1260D571F1232770002007E /* Resources */,
				916FF3F21FE08A631AFD3013 /* [CP] Embed Pods Frameworks */,
				167C7D76D1A09532159A906B /* [CP] Copy Pods Resources */,
			);
			buildRules = (
			);
			dependencies = (
			);
			name = Pokedex;
			productName = Pokedex;
			productReference = E1260D591F1232770002007E /* Pokedex.app */;
			productType = "com.apple.product-type.application";
		};
/* End PBXNativeTarget section */

/* Begin PBXProject section */
		E1260D511F1232770002007E /* Project object */ = {
			isa = PBXProject;
			attributes = {
				LastSwiftUpdateCheck = 0830;
				LastUpgradeCheck = 0830;
				ORGANIZATIONNAME = "Vocal Studios";
				TargetAttributes = {
					E1260D581F1232770002007E = {
						CreatedOnToolsVersion = 8.3.3;
						DevelopmentTeam = YXLPRUQN2U;
						LastSwiftMigration = 0830;
						ProvisioningStyle = Automatic;
					};
				};
			};
			buildConfigurationList = E1260D541F1232770002007E /* Build configuration list for PBXProject "Pokedex" */;
			compatibilityVersion = "Xcode 3.2";
			developmentRegion = English;
			hasScannedForEncodings = 0;
			knownRegions = (
				en,
				Base,
			);
			mainGroup = E1260D501F1232770002007E;
			productRefGroup = E1260D5A1F1232770002007E /* Products */;
			projectDirPath = "";
			projectRoot = "";
			targets = (
				E1260D581F1232770002007E /* Pokedex */,
			);
		};
/* End PBXProject section */

/* Begin PBXResourcesBuildPhase section */
		E1260D571F1232770002007E /* Resources */ = {
			isa = PBXResourcesBuildPhase;
			buildActionMask = 2147483647;
			files = (
				E112D2841F1C78D2006FE2C6 /* music.mp3 in Resources */,
				E1260D671F1232770002007E /* LaunchScreen.storyboard in Resources */,
				E112D2821F1C78C6006FE2C6 /* music.png in Resources */,
				E1260D641F1232770002007E /* Assets.xcassets in Resources */,
				E112D27B1F1C7534006FE2C6 /* Pokemon Hollow.ttf in Resources */,
				E112D27D1F1C758C006FE2C6 /* Pokemon Solid.ttf in Resources */,
				E1260D6F1F1234CC0002007E /* pokemon.csv in Resources */,
				E1260D621F1232770002007E /* Main.storyboard in Resources */,
			);
			runOnlyForDeploymentPostprocessing = 0;
		};
/* End PBXResourcesBuildPhase section */

/* Begin PBXShellScriptBuildPhase section */
		1270F9D4408F5BEEEB814371 /* [CP] Check Pods Manifest.lock */ = {
			isa = PBXShellScriptBuildPhase;
			buildActionMask = 2147483647;
			files = (
			);
			inputPaths = (
			);
			name = "[CP] Check Pods Manifest.lock";
			outputPaths = (
			);
			runOnlyForDeploymentPostprocessing = 0;
			shellPath = /bin/sh;
			shellScript = "diff \"${PODS_PODFILE_DIR_PATH}/Podfile.lock\" \"${PODS_ROOT}/Manifest.lock\" > /dev/null\nif [ $? != 0 ] ; then\n    # print error to STDERR\n    echo \"error: The sandbox is not in sync with the Podfile.lock. Run 'pod install' or update your CocoaPods installation.\" >&2\n    exit 1\nfi\n";
			showEnvVarsInLog = 0;
		};
		167C7D76D1A09532159A906B /* [CP] Copy Pods Resources */ = {
			isa = PBXShellScriptBuildPhase;
			buildActionMask = 2147483647;
			files = (
			);
			inputPaths = (
			);
			name = "[CP] Copy Pods Resources";
			outputPaths = (
			);
			runOnlyForDeploymentPostprocessing = 0;
			shellPath = /bin/sh;
			shellScript = "\"${SRCROOT}/Pods/Target Support Files/Pods-Pokedex/Pods-Pokedex-resources.sh\"\n";
			showEnvVarsInLog = 0;
		};
		916FF3F21FE08A631AFD3013 /* [CP] Embed Pods Frameworks */ = {
			isa = PBXShellScriptBuildPhase;
			buildActionMask = 2147483647;
			files = (
			);
			inputPaths = (
			);
			name = "[CP] Embed Pods Frameworks";
			outputPaths = (
			);
			runOnlyForDeploymentPostprocessing = 0;
			shellPath = /bin/sh;
			shellScript = "\"${SRCROOT}/Pods/Target Support Files/Pods-Pokedex/Pods-Pokedex-frameworks.sh\"\n";
			showEnvVarsInLog = 0;
		};
/* End PBXShellScriptBuildPhase section */

/* Begin PBXSourcesBuildPhase section */
		E1260D551F1232770002007E /* Sources */ = {
			isa = PBXSourcesBuildPhase;
			buildActionMask = 2147483647;
			files = (
				E10D669C1F15F38600B9A68D /* PokeCell.swift in Sources */,
				E1260D5F1F1232770002007E /* ViewController.swift in Sources */,
				E1260D5D1F1232770002007E /* AppDelegate.swift in Sources */,
				E1212A6F1F1DA19E00FCB453 /* PokemonDetailVC.swift in Sources */,
				E10E1E9A1F2050F900D506A8 /* Constants.swift in Sources */,
				E1D9A0441F1236400008D47F /* Pokemon.swift in Sources */,
				E10BD3311F16FAE2006AC46A /* csv.swift in Sources */,
			);
			runOnlyForDeploymentPostprocessing = 0;
		};
/* End PBXSourcesBuildPhase section */

/* Begin PBXVariantGroup section */
		E1260D601F1232770002007E /* Main.storyboard */ = {
			isa = PBXVariantGroup;
			children = (
				E1260D611F1232770002007E /* Base */,
			);
			name = Main.storyboard;
			sourceTree = "<group>";
		};
		E1260D651F1232770002007E /* LaunchScreen.storyboard */ = {
			isa = PBXVariantGroup;
			children = (
				E1260D661F1232770002007E /* Base */,
			);
			name = LaunchScreen.storyboard;
			sourceTree = "<group>";
		};
/* End PBXVariantGroup section */

/* Begin XCBuildConfiguration section */
		E1260D691F1232770002007E /* Debug */ = {
			isa = XCBuildConfiguration;
			buildSettings = {
				ALWAYS_SEARCH_USER_PATHS = NO;
				CLANG_ANALYZER_NONNULL = YES;
				CLANG_ANALYZER_NUMBER_OBJECT_CONVERSION = YES_AGGRESSIVE;
				CLANG_CXX_LANGUAGE_STANDARD = "gnu++0x";
				CLANG_CXX_LIBRARY = "libc++";
				CLANG_ENABLE_MODULES = YES;
				CLANG_ENABLE_OBJC_ARC = YES;
				CLANG_WARN_BOOL_CONVERSION = YES;
				CLANG_WARN_CONSTANT_CONVERSION = YES;
				CLANG_WARN_DIRECT_OBJC_ISA_USAGE = YES_ERROR;
				CLANG_WARN_DOCUMENTATION_COMMENTS = YES;
				CLANG_WARN_EMPTY_BODY = YES;
				CLANG_WARN_ENUM_CONVERSION = YES;
				CLANG_WARN_INFINITE_RECURSION = YES;
				CLANG_WARN_INT_CONVERSION = YES;
				CLANG_WARN_OBJC_ROOT_CLASS = YES_ERROR;
				CLANG_WARN_SUSPICIOUS_MOVE = YES;
				CLANG_WARN_UNREACHABLE_CODE = YES;
				CLANG_WARN__DUPLICATE_METHOD_MATCH = YES;
				"CODE_SIGN_IDENTITY[sdk=iphoneos*]" = "iPhone Developer";
				COPY_PHASE_STRIP = NO;
				DEBUG_INFORMATION_FORMAT = dwarf;
				ENABLE_STRICT_OBJC_MSGSEND = YES;
				ENABLE_TESTABILITY = YES;
				GCC_C_LANGUAGE_STANDARD = gnu99;
				GCC_DYNAMIC_NO_PIC = NO;
				GCC_NO_COMMON_BLOCKS = YES;
				GCC_OPTIMIZATION_LEVEL = 0;
				GCC_PREPROCESSOR_DEFINITIONS = (
					"DEBUG=1",
					"$(inherited)",
				);
				GCC_WARN_64_TO_32_BIT_CONVERSION = YES;
				GCC_WARN_ABOUT_RETURN_TYPE = YES_ERROR;
				GCC_WARN_UNDECLARED_SELECTOR = YES;
				GCC_WARN_UNINITIALIZED_AUTOS = YES_AGGRESSIVE;
				GCC_WARN_UNUSED_FUNCTION = YES;
				GCC_WARN_UNUSED_VARIABLE = YES;
				IPHONEOS_DEPLOYMENT_TARGET = 10.3;
				MTL_ENABLE_DEBUG_INFO = YES;
				ONLY_ACTIVE_ARCH = YES;
				SDKROOT = iphoneos;
				SWIFT_ACTIVE_COMPILATION_CONDITIONS = DEBUG;
				SWIFT_OPTIMIZATION_LEVEL = "-Onone";
				TARGETED_DEVICE_FAMILY = "1,2";
			};
			name = Debug;
		};
		E1260D6A1F1232770002007E /* Release */ = {
			isa = XCBuildConfiguration;
			buildSettings = {
				ALWAYS_SEARCH_USER_PATHS = NO;
				CLANG_ANALYZER_NONNULL = YES;
				CLANG_ANALYZER_NUMBER_OBJECT_CONVERSION = YES_AGGRESSIVE;
				CLANG_CXX_LANGUAGE_STANDARD = "gnu++0x";
				CLANG_CXX_LIBRARY = "libc++";
				CLANG_ENABLE_MODULES = YES;
				CLANG_ENABLE_OBJC_ARC = YES;
				CLANG_WARN_BOOL_CONVERSION = YES;
				CLANG_WARN_CONSTANT_CONVERSION = YES;
				CLANG_WARN_DIRECT_OBJC_ISA_USAGE = YES_ERROR;
				CLANG_WARN_DOCUMENTATION_COMMENTS = YES;
				CLANG_WARN_EMPTY_BODY = YES;
				CLANG_WARN_ENUM_CONVERSION = YES;
				CLANG_WARN_INFINITE_RECURSION = YES;
				CLANG_WARN_INT_CONVERSION = YES;
				CLANG_WARN_OBJC_ROOT_CLASS = YES_ERROR;
				CLANG_WARN_SUSPICIOUS_MOVE = YES;
				CLANG_WARN_UNREACHABLE_CODE = YES;
				CLANG_WARN__DUPLICATE_METHOD_MATCH = YES;
				"CODE_SIGN_IDENTITY[sdk=iphoneos*]" = "iPhone Developer";
				COPY_PHASE_STRIP = NO;
				DEBUG_INFORMATION_FORMAT = "dwarf-with-dsym";
				ENABLE_NS_ASSERTIONS = NO;
				ENABLE_STRICT_OBJC_MSGSEND = YES;
				GCC_C_LANGUAGE_STANDARD = gnu99;
				GCC_NO_COMMON_BLOCKS = YES;
				GCC_WARN_64_TO_32_BIT_CONVERSION = YES;
				GCC_WARN_ABOUT_RETURN_TYPE = YES_ERROR;
				GCC_WARN_UNDECLARED_SELECTOR = YES;
				GCC_WARN_UNINITIALIZED_AUTOS = YES_AGGRESSIVE;
				GCC_WARN_UNUSED_FUNCTION = YES;
				GCC_WARN_UNUSED_VARIABLE = YES;
				IPHONEOS_DEPLOYMENT_TARGET = 10.3;
				MTL_ENABLE_DEBUG_INFO = NO;
				SDKROOT = iphoneos;
				SWIFT_OPTIMIZATION_LEVEL = "-Owholemodule";
				TARGETED_DEVICE_FAMILY = "1,2";
				VALIDATE_PRODUCT = YES;
			};
			name = Release;
		};
		E1260D6C1F1232770002007E /* Debug */ = {
			isa = XCBuildConfiguration;
			baseConfigurationReference = 97415156757DA3502DD9CE96 /* Pods-Pokedex.debug.xcconfig */;
			buildSettings = {
				ASSETCATALOG_COMPILER_APPICON_NAME = AppIcon;
				DEVELOPMENT_TEAM = YXLPRUQN2U;
				INFOPLIST_FILE = Pokedex/Info.plist;
				LD_RUNPATH_SEARCH_PATHS = "$(inherited) @executable_path/Frameworks";
				PRODUCT_BUNDLE_IDENTIFIER = "Vocal-Sudios.Pokedex";
				PRODUCT_NAME = "$(TARGET_NAME)";
				SWIFT_VERSION = 3.0;
			};
			name = Debug;
		};
		E1260D6D1F1232770002007E /* Release */ = {
			isa = XCBuildConfiguration;
			baseConfigurationReference = 86D31CA4887B846BF70BAB0F /* Pods-Pokedex.release.xcconfig */;
			buildSettings = {
				ASSETCATALOG_COMPILER_APPICON_NAME = AppIcon;
				DEVELOPMENT_TEAM = YXLPRUQN2U;
				INFOPLIST_FILE = Pokedex/Info.plist;
				LD_RUNPATH_SEARCH_PATHS = "$(inherited) @executable_path/Frameworks";
				PRODUCT_BUNDLE_IDENTIFIER = "Vocal-Sudios.Pokedex";
				PRODUCT_NAME = "$(TARGET_NAME)";
				SWIFT_VERSION = 3.0;
			};
			name = Release;
		};
/* End XCBuildConfiguration section */

/* Begin XCConfigurationList section */
		E1260D541F1232770002007E /* Build configuration list for PBXProject "Pokedex" */ = {
			isa = XCConfigurationList;
			buildConfigurations = (
				E1260D691F1232770002007E /* Debug */,
				E1260D6A1F1232770002007E /* Release */,
			);
			defaultConfigurationIsVisible = 0;
			defaultConfigurationName = Release;
		};
		E1260D6B1F1232770002007E /* Build configuration list for PBXNativeTarget "Pokedex" */ = {
			isa = XCConfigurationList;
			buildConfigurations = (
				E1260D6C1F1232770002007E /* Debug */,
				E1260D6D1F1232770002007E /* Release */,
			);
			defaultConfigurationIsVisible = 0;
			defaultConfigurationName = Release;
		};
/* End XCConfigurationList section */
	};
	rootObject = E1260D511F1232770002007E /* Project object */;
}
